
Microsoft Visual Studio Solution File, Format Version 12.00
# Visual Studio Version 16
VisualStudioVersion = 16.0.29209.62
MinimumVisualStudioVersion = 10.0.40219.1
Project("{8BC9CEB8-8B4A-11D0-8D11-00A0C91BC942}") = "fat_ex", "fat_ex.vcxproj", "{DC487B74-B2BA-4AA9-A58E-BC162B010E07}"
EndProject
Global
	GlobalSection(SolutionConfigurationPlatforms) = preSolution
		Debug|x64 = Debug|x64
		Debug|x86 = Debug|x86
		Release|x64 = Release|x64
		Release|x86 = Release|x86
	EndGlobalSection
	GlobalSection(ProjectConfigurationPlatforms) = postSolution
		{DC487B74-B2BA-4AA9-A58E-BC162B010E07}.Debug|x64.ActiveCfg = Debug|x64
		{DC487B74-B2BA-4AA9-A58E-BC162B010E07}.Debug|x64.Build.0 = Debug|x64
		{DC487B74-B2BA-4AA9-A58E-BC162B010E07}.Debug|x86.ActiveCfg = Debug|Win32
		{DC487B74-B2BA-4AA9-A58E-BC162B010E07}.Debug|x86.Build.0 = Debug|Win32
		{DC487B74-B2BA-4AA9-A58E-BC162B010E07}.Release|x64.ActiveCfg = Release|x64
		{DC487B74-B2BA-4AA9-A58E-BC162B010E07}.Release|x64.Build.0 = Release|x64
		{DC487B74-B2BA-4AA9-A58E-BC162B010E07}.Release|x86.ActiveCfg = Release|Win32
		{DC487B74-B2BA-4AA9-A58E-BC162B010E07}.Release|x86.Build.0 = Release|Win32
	EndGlobalSection
	GlobalSection(SolutionProperties) = preSolution
		HideSolutionNode = FALSE
	EndGlobalSection
	GlobalSection(ExtensibilityGlobals) = postSolution
		SolutionGuid = {E53F982D-DD4A-48AA-BD8A-E1C7BCB361F1}
	EndGlobalSection
EndGlobal
